{
  "pins" : [
    {
      "identity" : "meter",
      "kind" : "remoteSourceControl",
      "location" : "https://github.com/ChimeHQ/Meter",
      "state" : {
        "revision" : "4fdce4aea73ba55a827e812013754f7554d05fbf",
        "version" : "0.4.2"
      }
    },
    {
      "identity" : "meterreporter",
      "kind" : "remoteSourceControl",
      "location" : "https://github.com/ChimeHQ/MeterReporter",
      "state" : {
        "revision" : "302e342a2edccac9c4b47d169703e5f58df73944",
        "version" : "0.1.0"
      }
    },
    {
      "identity" : "wells",
      "kind" : "remoteSourceControl",
      "location" : "https://github.com/ChimeHQ/Wells",
      "state" : {
        "revision" : "1558d1bbafc1c57060103c5194ffa3abf4a332e3",
        "version" : "0.3.0"
      }
    }
  ],
  "version" : 2
}
